// !$*UTF8*$!
{
	archiveVersion = 1;
	classes = {
	};
	objectVersion = 52;
	objects = {

/* Begin PBXBuildFile section */
		18409FD81EA6DA547C3C696C /* Pods_DCA_Caculator.framework in Frameworks */ = {isa = PBXBuildFile; fileRef = ACDDBF9348054218CB985183 /* Pods_DCA_Caculator.framework */; };
		DC022A0B264EA4F3002CA6EE /* AppDelegate.swift in Sources */ = {isa = PBXBuildFile; fileRef = DC022A0A264EA4F3002CA6EE /* AppDelegate.swift */; };
		DC022A0D264EA4F3002CA6EE /* SceneDelegate.swift in Sources */ = {isa = PBXBuildFile; fileRef = DC022A0C264EA4F3002CA6EE /* SceneDelegate.swift */; };
		DC022A14264EA4F4002CA6EE /* Assets.xcassets in Resources */ = {isa = PBXBuildFile; fileRef = DC022A13264EA4F4002CA6EE /* Assets.xcassets */; };
		DC022A17264EA4F4002CA6EE /* LaunchScreen.storyboard in Resources */ = {isa = PBXBuildFile; fileRef = DC022A15264EA4F4002CA6EE /* LaunchScreen.storyboard */; };
		DC022A29264EA87F002CA6EE /* GILibrary.xcframework in Frameworks */ = {isa = PBXBuildFile; fileRef = DC022A27264EA87F002CA6EE /* GILibrary.xcframework */; };
		DC022A2A264EA87F002CA6EE /* GILibrary.xcframework in Embed Frameworks */ = {isa = PBXBuildFile; fileRef = DC022A27264EA87F002CA6EE /* GILibrary.xcframework */; settings = {ATTRIBUTES = (CodeSignOnCopy, RemoveHeadersOnCopy, ); }; };
		DC022A2B264EA87F002CA6EE /* MBProgressHUD.xcframework in Frameworks */ = {isa = PBXBuildFile; fileRef = DC022A28264EA87F002CA6EE /* MBProgressHUD.xcframework */; };
		DC022A2C264EA87F002CA6EE /* MBProgressHUD.xcframework in Embed Frameworks */ = {isa = PBXBuildFile; fileRef = DC022A28264EA87F002CA6EE /* MBProgressHUD.xcframework */; settings = {ATTRIBUTES = (CodeSignOnCopy, RemoveHeadersOnCopy, ); }; };
		DC14F53B265212AC0089815F /* Asset.swift in Sources */ = {isa = PBXBuildFile; fileRef = DC14F53A265212AC0089815F /* Asset.swift */; };
		DC14F53D265219560089815F /* CalculatorController.swift in Sources */ = {isa = PBXBuildFile; fileRef = DC14F53C265219560089815F /* CalculatorController.swift */; };
		DC14F53F26521FB10089815F /* String+addBrackets.swift in Sources */ = {isa = PBXBuildFile; fileRef = DC14F53E26521FB10089815F /* String+addBrackets.swift */; };
		DC14F541265233450089815F /* UITextField+doneButton.swift in Sources */ = {isa = PBXBuildFile; fileRef = DC14F540265233450089815F /* UITextField+doneButton.swift */; };
		DC1BC9FA2650AD0800088AEA /* Calculator.storyboard in Resources */ = {isa = PBXBuildFile; fileRef = DC1BC9F92650AD0800088AEA /* Calculator.storyboard */; };
		DC1BC9FC26515A8800088AEA /* TimeSeriesMonthlyAdjusted.swift in Sources */ = {isa = PBXBuildFile; fileRef = DC1BC9FB26515A8800088AEA /* TimeSeriesMonthlyAdjusted.swift */; };
		DCED628C264EAA33003B058D /* SearchTableViewController.swift in Sources */ = {isa = PBXBuildFile; fileRef = DCED628B264EAA33003B058D /* SearchTableViewController.swift */; };
		DCED628F264EADCB003B058D /* SearchCell.swift in Sources */ = {isa = PBXBuildFile; fileRef = DCED628E264EADCB003B058D /* SearchCell.swift */; };
		DCED6292264EC3B4003B058D /* APIService.swift in Sources */ = {isa = PBXBuildFile; fileRef = DCED6291264EC3B4003B058D /* APIService.swift */; };
		DCED6295264EC61C003B058D /* SearchResults.swift in Sources */ = {isa = PBXBuildFile; fileRef = DCED6294264EC61C003B058D /* SearchResults.swift */; };
		DCFE38C0264F7FBD007185B5 /* SearchPlaceholderView.swift in Sources */ = {isa = PBXBuildFile; fileRef = DCFE38BF264F7FBD007185B5 /* SearchPlaceholderView.swift */; };
		DCFE38C3265003F2007185B5 /* UIAnimatable.swift in Sources */ = {isa = PBXBuildFile; fileRef = DCFE38C2265003F2007185B5 /* UIAnimatable.swift */; };
		DCFE38C626500966007185B5 /* UIFont+constructor.swift in Sources */ = {isa = PBXBuildFile; fileRef = DCFE38C526500966007185B5 /* UIFont+constructor.swift */; };
/* End PBXBuildFile section */

/* Begin PBXCopyFilesBuildPhase section */
		DC022A2D264EA87F002CA6EE /* Embed Frameworks */ = {
			isa = PBXCopyFilesBuildPhase;
			buildActionMask = 2147483647;
			dstPath = "";
			dstSubfolderSpec = 10;
			files = (
				DC022A2A264EA87F002CA6EE /* GILibrary.xcframework in Embed Frameworks */,
				DC022A2C264EA87F002CA6EE /* MBProgressHUD.xcframework in Embed Frameworks */,
			);
			name = "Embed Frameworks";
			runOnlyForDeploymentPostprocessing = 0;
		};
/* End PBXCopyFilesBuildPhase section */

/* Begin PBXFileReference section */
		9C25D2B327F5480E0CF48764 /* Pods-DCA-Caculator.release.xcconfig */ = {isa = PBXFileReference; includeInIndex = 1; lastKnownFileType = text.xcconfig; name = "Pods-DCA-Caculator.release.xcconfig"; path = "Target Support Files/Pods-DCA-Caculator/Pods-DCA-Caculator.release.xcconfig"; sourceTree = "<group>"; };
		ACDDBF9348054218CB985183 /* Pods_DCA_Caculator.framework */ = {isa = PBXFileReference; explicitFileType = wrapper.framework; includeInIndex = 0; path = Pods_DCA_Caculator.framework; sourceTree = BUILT_PRODUCTS_DIR; };
		DC022A07264EA4F3002CA6EE /* DCA-Caculator.app */ = {isa = PBXFileReference; explicitFileType = wrapper.application; includeInIndex = 0; path = "DCA-Caculator.app"; sourceTree = BUILT_PRODUCTS_DIR; };
		DC022A0A264EA4F3002CA6EE /* AppDelegate.swift */ = {isa = PBXFileReference; lastKnownFileType = sourcecode.swift; path = AppDelegate.swift; sourceTree = "<group>"; };
		DC022A0C264EA4F3002CA6EE /* SceneDelegate.swift */ = {isa = PBXFileReference; lastKnownFileType = sourcecode.swift; path = SceneDelegate.swift; sourceTree = "<group>"; };
		DC022A13264EA4F4002CA6EE /* Assets.xcassets */ = {isa = PBXFileReference; lastKnownFileType = folder.assetcatalog; path = Assets.xcassets; sourceTree = "<group>"; };
		DC022A16264EA4F4002CA6EE /* Base */ = {isa = PBXFileReference; lastKnownFileType = file.storyboard; name = Base; path = Base.lproj/LaunchScreen.storyboard; sourceTree = "<group>"; };
		DC022A18264EA4F4002CA6EE /* Info.plist */ = {isa = PBXFileReference; lastKnownFileType = text.plist.xml; path = Info.plist; sourceTree = "<group>"; };
		DC022A27264EA87F002CA6EE /* GILibrary.xcframework */ = {isa = PBXFileReference; lastKnownFileType = wrapper.xcframework; name = GILibrary.xcframework; path = Carthage/Build/GILibrary.xcframework; sourceTree = "<group>"; };
		DC022A28264EA87F002CA6EE /* MBProgressHUD.xcframework */ = {isa = PBXFileReference; lastKnownFileType = wrapper.xcframework; name = MBProgressHUD.xcframework; path = Carthage/Build/MBProgressHUD.xcframework; sourceTree = "<group>"; };
		DC14F53A265212AC0089815F /* Asset.swift */ = {isa = PBXFileReference; lastKnownFileType = sourcecode.swift; path = Asset.swift; sourceTree = "<group>"; };
		DC14F53C265219560089815F /* CalculatorController.swift */ = {isa = PBXFileReference; lastKnownFileType = sourcecode.swift; path = CalculatorController.swift; sourceTree = "<group>"; };
		DC14F53E26521FB10089815F /* String+addBrackets.swift */ = {isa = PBXFileReference; lastKnownFileType = sourcecode.swift; path = "String+addBrackets.swift"; sourceTree = "<group>"; };
		DC14F540265233450089815F /* UITextField+doneButton.swift */ = {isa = PBXFileReference; lastKnownFileType = sourcecode.swift; path = "UITextField+doneButton.swift"; sourceTree = "<group>"; };
		DC1BC9F92650AD0800088AEA /* Calculator.storyboard */ = {isa = PBXFileReference; lastKnownFileType = file.storyboard; path = Calculator.storyboard; sourceTree = "<group>"; };
		DC1BC9FB26515A8800088AEA /* TimeSeriesMonthlyAdjusted.swift */ = {isa = PBXFileReference; lastKnownFileType = sourcecode.swift; path = TimeSeriesMonthlyAdjusted.swift; sourceTree = "<group>"; };
		DCED628B264EAA33003B058D /* SearchTableViewController.swift */ = {isa = PBXFileReference; fileEncoding = 4; lastKnownFileType = sourcecode.swift; path = SearchTableViewController.swift; sourceTree = "<group>"; };
		DCED628E264EADCB003B058D /* SearchCell.swift */ = {isa = PBXFileReference; lastKnownFileType = sourcecode.swift; path = SearchCell.swift; sourceTree = "<group>"; };
		DCED6291264EC3B4003B058D /* APIService.swift */ = {isa = PBXFileReference; lastKnownFileType = sourcecode.swift; path = APIService.swift; sourceTree = "<group>"; };
		DCED6294264EC61C003B058D /* SearchResults.swift */ = {isa = PBXFileReference; lastKnownFileType = sourcecode.swift; path = SearchResults.swift; sourceTree = "<group>"; };
		DCFE38BF264F7FBD007185B5 /* SearchPlaceholderView.swift */ = {isa = PBXFileReference; lastKnownFileType = sourcecode.swift; path = SearchPlaceholderView.swift; sourceTree = "<group>"; };
		DCFE38C2265003F2007185B5 /* UIAnimatable.swift */ = {isa = PBXFileReference; lastKnownFileType = sourcecode.swift; path = UIAnimatable.swift; sourceTree = "<group>"; };
		DCFE38C526500966007185B5 /* UIFont+constructor.swift */ = {isa = PBXFileReference; lastKnownFileType = sourcecode.swift; path = "UIFont+constructor.swift"; sourceTree = "<group>"; };
		DFCDD387AB12B260FD1361AE /* Pods-DCA-Caculator.debug.xcconfig */ = {isa = PBXFileReference; includeInIndex = 1; lastKnownFileType = text.xcconfig; name = "Pods-DCA-Caculator.debug.xcconfig"; path = "Target Support Files/Pods-DCA-Caculator/Pods-DCA-Caculator.debug.xcconfig"; sourceTree = "<group>"; };
/* End PBXFileReference section */

/* Begin PBXFrameworksBuildPhase section */
		DC022A04264EA4F3002CA6EE /* Frameworks */ = {
			isa = PBXFrameworksBuildPhase;
			buildActionMask = 2147483647;
			files = (
				18409FD81EA6DA547C3C696C /* Pods_DCA_Caculator.framework in Frameworks */,
				DC022A2B264EA87F002CA6EE /* MBProgressHUD.xcframework in Frameworks */,
				DC022A29264EA87F002CA6EE /* GILibrary.xcframework in Frameworks */,
			);
			runOnlyForDeploymentPostprocessing = 0;
		};
/* End PBXFrameworksBuildPhase section */

/* Begin PBXGroup section */
		41CF44B16E8DE3F6F0B50294 /* Frameworks */ = {
			isa = PBXGroup;
			children = (
				DC022A27264EA87F002CA6EE /* GILibrary.xcframework */,
				DC022A28264EA87F002CA6EE /* MBProgressHUD.xcframework */,
				ACDDBF9348054218CB985183 /* Pods_DCA_Caculator.framework */,
			);
			name = Frameworks;
			sourceTree = "<group>";
		};
		63E2EDBC1A246E727554958E /* Pods */ = {
			isa = PBXGroup;
			children = (
				DFCDD387AB12B260FD1361AE /* Pods-DCA-Caculator.debug.xcconfig */,
				9C25D2B327F5480E0CF48764 /* Pods-DCA-Caculator.release.xcconfig */,
			);
			path = Pods;
			sourceTree = "<group>";
		};
		DC0229FE264EA4F3002CA6EE = {
			isa = PBXGroup;
			children = (
				DC022A09264EA4F3002CA6EE /* DCA-Caculator */,
				DC022A08264EA4F3002CA6EE /* Products */,
				63E2EDBC1A246E727554958E /* Pods */,
				41CF44B16E8DE3F6F0B50294 /* Frameworks */,
			);
			sourceTree = "<group>";
		};
		DC022A08264EA4F3002CA6EE /* Products */ = {
			isa = PBXGroup;
			children = (
				DC022A07264EA4F3002CA6EE /* DCA-Caculator.app */,
			);
			name = Products;
			sourceTree = "<group>";
		};
		DC022A09264EA4F3002CA6EE /* DCA-Caculator */ = {
			isa = PBXGroup;
			children = (
				DC1BC9F426509E8900088AEA /* Calculator */,
				DCFE38C426500944007185B5 /* Extensions */,
				DCFE38C1265003D8007185B5 /* Protocols */,
				DCED6293264EC611003B058D /* Models */,
				DCED6290264EC3A4003B058D /* Service */,
				DCED628D264EADBC003B058D /* Search */,
				DC022A1F264EA525002CA6EE /* Supporting files */,
				DC022A18264EA4F4002CA6EE /* Info.plist */,
			);
			path = "DCA-Caculator";
			sourceTree = "<group>";
		};
		DC022A1F264EA525002CA6EE /* Supporting files */ = {
			isa = PBXGroup;
			children = (
				DC022A0A264EA4F3002CA6EE /* AppDelegate.swift */,
				DC022A0C264EA4F3002CA6EE /* SceneDelegate.swift */,
				DC022A13264EA4F4002CA6EE /* Assets.xcassets */,
				DC022A15264EA4F4002CA6EE /* LaunchScreen.storyboard */,
			);
			path = "Supporting files";
			sourceTree = "<group>";
		};
		DC1BC9F426509E8900088AEA /* Calculator */ = {
			isa = PBXGroup;
			children = (
				DC1BC9F92650AD0800088AEA /* Calculator.storyboard */,
				DC14F53C265219560089815F /* CalculatorController.swift */,
			);
			path = Calculator;
			sourceTree = "<group>";
		};
		DCED628D264EADBC003B058D /* Search */ = {
			isa = PBXGroup;
			children = (
				DCED628B264EAA33003B058D /* SearchTableViewController.swift */,
				DCED628E264EADCB003B058D /* SearchCell.swift */,
				DCFE38BF264F7FBD007185B5 /* SearchPlaceholderView.swift */,
			);
			path = Search;
			sourceTree = "<group>";
		};
		DCED6290264EC3A4003B058D /* Service */ = {
			isa = PBXGroup;
			children = (
				DCED6291264EC3B4003B058D /* APIService.swift */,
			);
			path = Service;
			sourceTree = "<group>";
		};
		DCED6293264EC611003B058D /* Models */ = {
			isa = PBXGroup;
			children = (
				DCED6294264EC61C003B058D /* SearchResults.swift */,
				DC1BC9FB26515A8800088AEA /* TimeSeriesMonthlyAdjusted.swift */,
				DC14F53A265212AC0089815F /* Asset.swift */,
			);
			path = Models;
			sourceTree = "<group>";
		};
		DCFE38C1265003D8007185B5 /* Protocols */ = {
			isa = PBXGroup;
			children = (
				DCFE38C2265003F2007185B5 /* UIAnimatable.swift */,
			);
			path = Protocols;
			sourceTree = "<group>";
		};
		DCFE38C426500944007185B5 /* Extensions */ = {
			isa = PBXGroup;
			children = (
				DCFE38C526500966007185B5 /* UIFont+constructor.swift */,
				DC14F53E26521FB10089815F /* String+addBrackets.swift */,
				DC14F540265233450089815F /* UITextField+doneButton.swift */,
			);
			path = Extensions;
			sourceTree = "<group>";
		};
/* End PBXGroup section */

/* Begin PBXNativeTarget section */
		DC022A06264EA4F3002CA6EE /* DCA-Caculator */ = {
			isa = PBXNativeTarget;
			buildConfigurationList = DC022A1B264EA4F4002CA6EE /* Build configuration list for PBXNativeTarget "DCA-Caculator" */;
			buildPhases = (
				97A891C490F1FAB605EBEBBC /* [CP] Check Pods Manifest.lock */,
				DC022A03264EA4F3002CA6EE /* Sources */,
				DC022A04264EA4F3002CA6EE /* Frameworks */,
				DC022A05264EA4F3002CA6EE /* Resources */,
				0754B2CE446CA68AB680F541 /* [CP] Embed Pods Frameworks */,
				DC022A2D264EA87F002CA6EE /* Embed Frameworks */,
			);
			buildRules = (
			);
			dependencies = (
			);
			name = "DCA-Caculator";
			productName = "DCA-Caculator";
			productReference = DC022A07264EA4F3002CA6EE /* DCA-Caculator.app */;
			productType = "com.apple.product-type.application";
		};
/* End PBXNativeTarget section */

/* Begin PBXProject section */
		DC0229FF264EA4F3002CA6EE /* Project object */ = {
			isa = PBXProject;
			attributes = {
				LastSwiftUpdateCheck = 1240;
				LastUpgradeCheck = 1240;
				TargetAttributes = {
					DC022A06264EA4F3002CA6EE = {
						CreatedOnToolsVersion = 12.4;
					};
				};
			};
			buildConfigurationList = DC022A02264EA4F3002CA6EE /* Build configuration list for PBXProject "DCA-Caculator" */;
			compatibilityVersion = "Xcode 9.3";
			developmentRegion = en;
			hasScannedForEncodings = 0;
			knownRegions = (
				en,
				Base,
			);
			mainGroup = DC0229FE264EA4F3002CA6EE;
			productRefGroup = DC022A08264EA4F3002CA6EE /* Products */;
			projectDirPath = "";
			projectRoot = "";
			targets = (
				DC022A06264EA4F3002CA6EE /* DCA-Caculator */,
			);
		};
/* End PBXProject section */

/* Begin PBXResourcesBuildPhase section */
		DC022A05264EA4F3002CA6EE /* Resources */ = {
			isa = PBXResourcesBuildPhase;
			buildActionMask = 2147483647;
			files = (
				DC022A17264EA4F4002CA6EE /* LaunchScreen.storyboard in Resources */,
				DC1BC9FA2650AD0800088AEA /* Calculator.storyboard in Resources */,
				DC022A14264EA4F4002CA6EE /* Assets.xcassets in Resources */,
			);
			runOnlyForDeploymentPostprocessing = 0;
		};
/* End PBXResourcesBuildPhase section */

/* Begin PBXShellScriptBuildPhase section */
		0754B2CE446CA68AB680F541 /* [CP] Embed Pods Frameworks */ = {
			isa = PBXShellScriptBuildPhase;
			buildActionMask = 2147483647;
			files = (
			);
			inputFileListPaths = (
				"${PODS_ROOT}/Target Support Files/Pods-DCA-Caculator/Pods-DCA-Caculator-frameworks-${CONFIGURATION}-input-files.xcfilelist",
			);
			name = "[CP] Embed Pods Frameworks";
			outputFileListPaths = (
				"${PODS_ROOT}/Target Support Files/Pods-DCA-Caculator/Pods-DCA-Caculator-frameworks-${CONFIGURATION}-output-files.xcfilelist",
			);
			runOnlyForDeploymentPostprocessing = 0;
			shellPath = /bin/sh;
			shellScript = "\"${PODS_ROOT}/Target Support Files/Pods-DCA-Caculator/Pods-DCA-Caculator-frameworks.sh\"\n";
			showEnvVarsInLog = 0;
		};
		97A891C490F1FAB605EBEBBC /* [CP] Check Pods Manifest.lock */ = {
			isa = PBXShellScriptBuildPhase;
			buildActionMask = 2147483647;
			files = (
			);
			inputFileListPaths = (
			);
			inputPaths = (
				"${PODS_PODFILE_DIR_PATH}/Podfile.lock",
				"${PODS_ROOT}/Manifest.lock",
			);
			name = "[CP] Check Pods Manifest.lock";
			outputFileListPaths = (
			);
			outputPaths = (
				"$(DERIVED_FILE_DIR)/Pods-DCA-Caculator-checkManifestLockResult.txt",
			);
			runOnlyForDeploymentPostprocessing = 0;
			shellPath = /bin/sh;
			shellScript = "diff \"${PODS_PODFILE_DIR_PATH}/Podfile.lock\" \"${PODS_ROOT}/Manifest.lock\" > /dev/null\nif [ $? != 0 ] ; then\n    # print error to STDERR\n    echo \"error: The sandbox is not in sync with the Podfile.lock. Run 'pod install' or update your CocoaPods installation.\" >&2\n    exit 1\nfi\n# This output is used by Xcode 'outputs' to avoid re-running this script phase.\necho \"SUCCESS\" > \"${SCRIPT_OUTPUT_FILE_0}\"\n";
			showEnvVarsInLog = 0;
		};
/* End PBXShellScriptBuildPhase section */

/* Begin PBXSourcesBuildPhase section */
		DC022A03264EA4F3002CA6EE /* Sources */ = {
			isa = PBXSourcesBuildPhase;
			buildActionMask = 2147483647;
			files = (
				DC022A0B264EA4F3002CA6EE /* AppDelegate.swift in Sources */,
				DC14F541265233450089815F /* UITextField+doneButton.swift in Sources */,
				DCFE38C3265003F2007185B5 /* UIAnimatable.swift in Sources */,
				DCED6292264EC3B4003B058D /* APIService.swift in Sources */,
				DC14F53B265212AC0089815F /* Asset.swift in Sources */,
				DCED628F264EADCB003B058D /* SearchCell.swift in Sources */,
				DCFE38C626500966007185B5 /* UIFont+constructor.swift in Sources */,
				DCED628C264EAA33003B058D /* SearchTableViewController.swift in Sources */,
				DC14F53D265219560089815F /* CalculatorController.swift in Sources */,
				DCED6295264EC61C003B058D /* SearchResults.swift in Sources */,
				DC022A0D264EA4F3002CA6EE /* SceneDelegate.swift in Sources */,
				DC14F53F26521FB10089815F /* String+addBrackets.swift in Sources */,
				DCFE38C0264F7FBD007185B5 /* SearchPlaceholderView.swift in Sources */,
				DC1BC9FC26515A8800088AEA /* TimeSeriesMonthlyAdjusted.swift in Sources */,
			);
			runOnlyForDeploymentPostprocessing = 0;
		};
/* End PBXSourcesBuildPhase section */

/* Begin PBXVariantGroup section */
		DC022A15264EA4F4002CA6EE /* LaunchScreen.storyboard */ = {
			isa = PBXVariantGroup;
			children = (
				DC022A16264EA4F4002CA6EE /* Base */,
			);
			name = LaunchScreen.storyboard;
			sourceTree = "<group>";
		};
/* End PBXVariantGroup section */

/* Begin XCBuildConfiguration section */
		DC022A19264EA4F4002CA6EE /* Debug */ = {
			isa = XCBuildConfiguration;
			buildSettings = {
				ALWAYS_SEARCH_USER_PATHS = NO;
				CLANG_ANALYZER_NONNULL = YES;
				CLANG_ANALYZER_NUMBER_OBJECT_CONVERSION = YES_AGGRESSIVE;
				CLANG_CXX_LANGUAGE_STANDARD = "gnu++14";
				CLANG_CXX_LIBRARY = "libc++";
				CLANG_ENABLE_MODULES = YES;
				CLANG_ENABLE_OBJC_ARC = YES;
				CLANG_ENABLE_OBJC_WEAK = YES;
				CLANG_WARN_BLOCK_CAPTURE_AUTORELEASING = YES;
				CLANG_WARN_BOOL_CONVERSION = YES;
				CLANG_WARN_COMMA = YES;
				CLANG_WARN_CONSTANT_CONVERSION = YES;
				CLANG_WARN_DEPRECATED_OBJC_IMPLEMENTATIONS = YES;
				CLANG_WARN_DIRECT_OBJC_ISA_USAGE = YES_ERROR;
				CLANG_WARN_DOCUMENTATION_COMMENTS = YES;
				CLANG_WARN_EMPTY_BODY = YES;
				CLANG_WARN_ENUM_CONVERSION = YES;
				CLANG_WARN_INFINITE_RECURSION = YES;
				CLANG_WARN_INT_CONVERSION = YES;
				CLANG_WARN_NON_LITERAL_NULL_CONVERSION = YES;
				CLANG_WARN_OBJC_IMPLICIT_RETAIN_SELF = YES;
				CLANG_WARN_OBJC_LITERAL_CONVERSION = YES;
				CLANG_WARN_OBJC_ROOT_CLASS = YES_ERROR;
				CLANG_WARN_QUOTED_INCLUDE_IN_FRAMEWORK_HEADER = YES;
				CLANG_WARN_RANGE_LOOP_ANALYSIS = YES;
				CLANG_WARN_STRICT_PROTOTYPES = YES;
				CLANG_WARN_SUSPICIOUS_MOVE = YES;
				CLANG_WARN_UNGUARDED_AVAILABILITY = YES_AGGRESSIVE;
				CLANG_WARN_UNREACHABLE_CODE = YES;
				CLANG_WARN__DUPLICATE_METHOD_MATCH = YES;
				COPY_PHASE_STRIP = NO;
				DEBUG_INFORMATION_FORMAT = dwarf;
				ENABLE_STRICT_OBJC_MSGSEND = YES;
				ENABLE_TESTABILITY = YES;
				GCC_C_LANGUAGE_STANDARD = gnu11;
				GCC_DYNAMIC_NO_PIC = NO;
				GCC_NO_COMMON_BLOCKS = YES;
				GCC_OPTIMIZATION_LEVEL = 0;
				GCC_PREPROCESSOR_DEFINITIONS = (
					"DEBUG=1",
					"$(inherited)",
				);
				GCC_WARN_64_TO_32_BIT_CONVERSION = YES;
				GCC_WARN_ABOUT_RETURN_TYPE = YES_ERROR;
				GCC_WARN_UNDECLARED_SELECTOR = YES;
				GCC_WARN_UNINITIALIZED_AUTOS = YES_AGGRESSIVE;
				GCC_WARN_UNUSED_FUNCTION = YES;
				GCC_WARN_UNUSED_VARIABLE = YES;
				IPHONEOS_DEPLOYMENT_TARGET = 14.4;
				MTL_ENABLE_DEBUG_INFO = INCLUDE_SOURCE;
				MTL_FAST_MATH = YES;
				ONLY_ACTIVE_ARCH = YES;
				SDKROOT = iphoneos;
				SWIFT_ACTIVE_COMPILATION_CONDITIONS = DEBUG;
				SWIFT_OPTIMIZATION_LEVEL = "-Onone";
			};
			name = Debug;
		};
		DC022A1A264EA4F4002CA6EE /* Release */ = {
			isa = XCBuildConfiguration;
			buildSettings = {
				ALWAYS_SEARCH_USER_PATHS = NO;
				CLANG_ANALYZER_NONNULL = YES;
				CLANG_ANALYZER_NUMBER_OBJECT_CONVERSION = YES_AGGRESSIVE;
				CLANG_CXX_LANGUAGE_STANDARD = "gnu++14";
				CLANG_CXX_LIBRARY = "libc++";
				CLANG_ENABLE_MODULES = YES;
				CLANG_ENABLE_OBJC_ARC = YES;
				CLANG_ENABLE_OBJC_WEAK = YES;
				CLANG_WARN_BLOCK_CAPTURE_AUTORELEASING = YES;
				CLANG_WARN_BOOL_CONVERSION = YES;
				CLANG_WARN_COMMA = YES;
				CLANG_WARN_CONSTANT_CONVERSION = YES;
				CLANG_WARN_DEPRECATED_OBJC_IMPLEMENTATIONS = YES;
				CLANG_WARN_DIRECT_OBJC_ISA_USAGE = YES_ERROR;
				CLANG_WARN_DOCUMENTATION_COMMENTS = YES;
				CLANG_WARN_EMPTY_BODY = YES;
				CLANG_WARN_ENUM_CONVERSION = YES;
				CLANG_WARN_INFINITE_RECURSION = YES;
				CLANG_WARN_INT_CONVERSION = YES;
				CLANG_WARN_NON_LITERAL_NULL_CONVERSION = YES;
				CLANG_WARN_OBJC_IMPLICIT_RETAIN_SELF = YES;
				CLANG_WARN_OBJC_LITERAL_CONVERSION = YES;
				CLANG_WARN_OBJC_ROOT_CLASS = YES_ERROR;
				CLANG_WARN_QUOTED_INCLUDE_IN_FRAMEWORK_HEADER = YES;
				CLANG_WARN_RANGE_LOOP_ANALYSIS = YES;
				CLANG_WARN_STRICT_PROTOTYPES = YES;
				CLANG_WARN_SUSPICIOUS_MOVE = YES;
				CLANG_WARN_UNGUARDED_AVAILABILITY = YES_AGGRESSIVE;
				CLANG_WARN_UNREACHABLE_CODE = YES;
				CLANG_WARN__DUPLICATE_METHOD_MATCH = YES;
				COPY_PHASE_STRIP = NO;
				DEBUG_INFORMATION_FORMAT = "dwarf-with-dsym";
				ENABLE_NS_ASSERTIONS = NO;
				ENABLE_STRICT_OBJC_MSGSEND = YES;
				GCC_C_LANGUAGE_STANDARD = gnu11;
				GCC_NO_COMMON_BLOCKS = YES;
				GCC_WARN_64_TO_32_BIT_CONVERSION = YES;
				GCC_WARN_ABOUT_RETURN_TYPE = YES_ERROR;
				GCC_WARN_UNDECLARED_SELECTOR = YES;
				GCC_WARN_UNINITIALIZED_AUTOS = YES_AGGRESSIVE;
				GCC_WARN_UNUSED_FUNCTION = YES;
				GCC_WARN_UNUSED_VARIABLE = YES;
				IPHONEOS_DEPLOYMENT_TARGET = 14.4;
				MTL_ENABLE_DEBUG_INFO = NO;
				MTL_FAST_MATH = YES;
				SDKROOT = iphoneos;
				SWIFT_COMPILATION_MODE = wholemodule;
				SWIFT_OPTIMIZATION_LEVEL = "-O";
				VALIDATE_PRODUCT = YES;
			};
			name = Release;
		};
		DC022A1C264EA4F4002CA6EE /* Debug */ = {
			isa = XCBuildConfiguration;
			baseConfigurationReference = DFCDD387AB12B260FD1361AE /* Pods-DCA-Caculator.debug.xcconfig */;
			buildSettings = {
				ASSETCATALOG_COMPILER_APPICON_NAME = AppIcon;
				ASSETCATALOG_COMPILER_GLOBAL_ACCENT_COLOR_NAME = AccentColor;
				CODE_SIGN_STYLE = Automatic;
				DEVELOPMENT_TEAM = CRF7U674EN;
				INFOPLIST_FILE = "DCA-Caculator/Info.plist";
				LD_RUNPATH_SEARCH_PATHS = (
					"$(inherited)",
					"@executable_path/Frameworks",
				);
				PRODUCT_BUNDLE_IDENTIFIER = "China.FoeverKid.FreeLove.DCA-Caculator";
				PRODUCT_NAME = "$(TARGET_NAME)";
				SWIFT_VERSION = 5.0;
				TARGETED_DEVICE_FAMILY = "1,2";
			};
			name = Debug;
		};
		DC022A1D264EA4F4002CA6EE /* Release */ = {
			isa = XCBuildConfiguration;
			baseConfigurationReference = 9C25D2B327F5480E0CF48764 /* Pods-DCA-Caculator.release.xcconfig */;
			buildSettings = {
				ASSETCATALOG_COMPILER_APPICON_NAME = AppIcon;
				ASSETCATALOG_COMPILER_GLOBAL_ACCENT_COLOR_NAME = AccentColor;
				CODE_SIGN_STYLE = Automatic;
				DEVELOPMENT_TEAM = CRF7U674EN;
				INFOPLIST_FILE = "DCA-Caculator/Info.plist";
				LD_RUNPATH_SEARCH_PATHS = (
					"$(inherited)",
					"@executable_path/Frameworks",
				);
				PRODUCT_BUNDLE_IDENTIFIER = "China.FoeverKid.FreeLove.DCA-Caculator";
				PRODUCT_NAME = "$(TARGET_NAME)";
				SWIFT_VERSION = 5.0;
				TARGETED_DEVICE_FAMILY = "1,2";
			};
			name = Release;
		};
/* End XCBuildConfiguration section */

/* Begin XCConfigurationList section */
		DC022A02264EA4F3002CA6EE /* Build configuration list for PBXProject "DCA-Caculator" */ = {
			isa = XCConfigurationList;
			buildConfigurations = (
				DC022A19264EA4F4002CA6EE /* Debug */,
				DC022A1A264EA4F4002CA6EE /* Release */,
			);
			defaultConfigurationIsVisible = 0;
			defaultConfigurationName = Release;
		};
		DC022A1B264EA4F4002CA6EE /* Build configuration list for PBXNativeTarget "DCA-Caculator" */ = {
			isa = XCConfigurationList;
			buildConfigurations = (
				DC022A1C264EA4F4002CA6EE /* Debug */,
				DC022A1D264EA4F4002CA6EE /* Release */,
			);
			defaultConfigurationIsVisible = 0;
			defaultConfigurationName = Release;
		};
/* End XCConfigurationList section */
	};
	rootObject = DC0229FF264EA4F3002CA6EE /* Project object */;
}
